
Microsoft Visual Studio Solution File, Format Version 12.00
# Visual Studio Version 16
VisualStudioVersion = 16.0.30104.148
MinimumVisualStudioVersion = 10.0.40219.1
Project("{FAE04EC0-301F-11D3-BF4B-00C04F79EFBC}") = "LexicalAnalysis", "LexicalAnalysis\LexicalAnalysis.csproj", "{60CB35AD-32CC-48B9-9845-982D75FCE720}"
EndProject
Global
	GlobalSection(SolutionConfigurationPlatforms) = preSolution
		Debug|Any CPU = Debug|Any CPU
		Release|Any CPU = Release|Any CPU
	EndGlobalSection
	GlobalSection(ProjectConfigurationPlatforms) = postSolution
		{60CB35AD-32CC-48B9-9845-982D75FCE720}.Debug|Any CPU.ActiveCfg = Debug|Any CPU
		{60CB35AD-32CC-48B9-9845-982D75FCE720}.Debug|Any CPU.Build.0 = Debug|Any CPU
		{60CB35AD-32CC-48B9-9845-982D75FCE720}.Release|Any CPU.ActiveCfg = Release|Any CPU
		{60CB35AD-32CC-48B9-9845-982D75FCE720}.Release|Any CPU.Build.0 = Release|Any CPU
	EndGlobalSection
	GlobalSection(SolutionProperties) = preSolution
		HideSolutionNode = FALSE
	EndGlobalSection
	GlobalSection(ExtensibilityGlobals) = postSolution
		SolutionGuid = {0705F611-4899-4A49-8AA4-C1F67D204839}
	EndGlobalSection
EndGlobal
