
Microsoft Visual Studio Solution File, Format Version 12.00
# Visual Studio Version 16
VisualStudioVersion = 16.0.30114.105
MinimumVisualStudioVersion = 10.0.40219.1
Project("{FAE04EC0-301F-11D3-BF4B-00C04F79EFBC}") = "ABlock", "ABlock\ABlock.csproj", "{79F0CBD3-3ED0-4BEC-A43C-6E0DEF834EE6}"
EndProject
Global
	GlobalSection(SolutionConfigurationPlatforms) = preSolution
		Debug|Any CPU = Debug|Any CPU
		Release|Any CPU = Release|Any CPU
	EndGlobalSection
	GlobalSection(ProjectConfigurationPlatforms) = postSolution
		{79F0CBD3-3ED0-4BEC-A43C-6E0DEF834EE6}.Debug|Any CPU.ActiveCfg = Debug|Any CPU
		{79F0CBD3-3ED0-4BEC-A43C-6E0DEF834EE6}.Debug|Any CPU.Build.0 = Debug|Any CPU
		{79F0CBD3-3ED0-4BEC-A43C-6E0DEF834EE6}.Release|Any CPU.ActiveCfg = Release|Any CPU
		{79F0CBD3-3ED0-4BEC-A43C-6E0DEF834EE6}.Release|Any CPU.Build.0 = Release|Any CPU
	EndGlobalSection
	GlobalSection(SolutionProperties) = preSolution
		HideSolutionNode = FALSE
	EndGlobalSection
	GlobalSection(ExtensibilityGlobals) = postSolution
		SolutionGuid = {C0708BB6-612B-4960-B39D-5CC15A99CA22}
	EndGlobalSection
EndGlobal
